{
  "name": "Zaawansowane_Programowanie_Internetowe_S",
  "lockfileVersion": 3,
  "requires": true,
  "packages": {
    "": {
      "dependencies": {
        "rxjs": "^7.8.1"
      },
      "devDependencies": {
        "@types/rx": "^4.1.3"
      }
    },
    "node_modules/@types/rx": {
      "version": "4.1.3",
      "resolved": "https://registry.npmjs.org/@types/rx/-/rx-4.1.3.tgz",
      "integrity": "sha512-u6BAs8ajAlpPV58VNpJsJy7+84xWtdf8GAP4Xd6pJrnxKVfwcDscyEYjRsU9YX6DW1B5gnuoYvhMrkrruBy36w==",
      "dev": true,
      "dependencies": {
        "@types/rx-core": "*",
        "@types/rx-core-binding": "*",
        "@types/rx-lite": "*",
        "@types/rx-lite-aggregates": "*",
        "@types/rx-lite-async": "*",
        "@types/rx-lite-backpressure": "*",
        "@types/rx-lite-coincidence": "*",
        "@types/rx-lite-experimental": "*",
        "@types/rx-lite-joinpatterns": "*",
        "@types/rx-lite-testing": "*",
        "@types/rx-lite-time": "*",
        "@types/rx-lite-virtualtime": "*"
      }
    },
    "node_modules/@types/rx-core": {
      "version": "4.0.5",
      "resolved": "https://registry.npmjs.org/@types/rx-core/-/rx-core-4.0.5.tgz",
      "integrity": "sha512-VZLlY5NfQy4KUUwSzfXUPQPjo820dSg0ubzRYfNBPth8UsniWP989W4ZpKFQrWho7V5tFvG4a7wuvqTWC7zpQg==",
      "dev": true
    },
    "node_modules/@types/rx-core-binding": {
      "version": "4.0.6",
      "resolved": "https://registry.npmjs.org/@types/rx-core-binding/-/rx-core-binding-4.0.6.tgz",
      "integrity": "sha512-FPM3IiP5TPd+nXMK3xM3FhsCdsmSYhW/dj4Mt92n59hK8XLN8lOwDT+0TJ5DQ6zP2aZilhyqZYp/HuJv7nooGQ==",
      "dev": true,
      "dependencies": {
        "@types/rx-core": "*"
      }
    },
    "node_modules/@types/rx-lite": {
      "version": "4.0.8",
      "resolved": "https://registry.npmjs.org/@types/rx-lite/-/rx-lite-4.0.8.tgz",
      "integrity": "sha512-IIfWT3gMqCPoFlh8o5aGt3puc2Ub23fDds759jdq3rQydc7Jg1Xvl8YVlcc8aNEBSIqhDL9JSnIyUN3/ReT51Q==",
      "dev": true,
      "dependencies": {
        "@types/rx-core": "*",
        "@types/rx-core-binding": "*"
      }
    },
    "node_modules/@types/rx-lite-aggregates": {
      "version": "4.0.5",
      "resolved": "https://registry.npmjs.org/@types/rx-lite-aggregates/-/rx-lite-aggregates-4.0.5.tgz",
      "integrity": "sha512-Qe1F+gmsWldCGYNmDRg6pzUOka3Y/+HdXVOcwZWXNcz0NkYhNUq7Ufoagi4icM+5NPiy6UqaWCkTTOe88HPGEA==",
      "dev": true,
      "dependencies": {
        "@types/rx-lite": "*"
      }
    },
    "node_modules/@types/rx-lite-async": {
      "version": "4.0.4",
      "resolved": "https://registry.npmjs.org/@types/rx-lite-async/-/rx-lite-async-4.0.4.tgz",
      "integrity": "sha512-fGsuLljj5nnaTGYH0aleTBBP+G1uBSmF1WVkoCcIUq61/hAiNP+kFtGdmoeznXPH9D0vm4AghrhyI0x63T0Iuw==",
      "dev": true,
      "dependencies": {
        "@types/rx-lite": "*"
      }
    },
    "node_modules/@types/rx-lite-backpressure": {
      "version": "4.0.4",
      "resolved": "https://registry.npmjs.org/@types/rx-lite-backpressure/-/rx-lite-backpressure-4.0.4.tgz",
      "integrity": "sha512-RYf6n5cyPwvYO5Lh9B0/ZoRKFrsNnjh2YZfY+LPeNrTXZrp9OhMP8nvd4+2fN0Cpqwjamhcr8iUGu7oWYBGMcQ==",
      "dev": true,
      "dependencies": {
        "@types/rx-lite": "*"
      }
    },
    "node_modules/@types/rx-lite-coincidence": {
      "version": "4.0.5",
      "resolved": "https://registry.npmjs.org/@types/rx-lite-coincidence/-/rx-lite-coincidence-4.0.5.tgz",
      "integrity": "sha512-3JMPDJKRz+0fuIVIGyggncOzc0g3A1xVy9KXmI0n2MxCXstpsPrUQMIesNIO3wKc0X57DT9D7g/x0pWXDzPyKA==",
      "dev": true,
      "dependencies": {
        "@types/rx-lite": "*"
      }
    },
    "node_modules/@types/rx-lite-experimental": {
      "version": "4.0.3",
      "resolved": "https://registry.npmjs.org/@types/rx-lite-experimental/-/rx-lite-experimental-4.0.3.tgz",
      "integrity": "sha512-5MLZZuley4qArHgadTSmKoJ1SvTWdnvpLboaUGFWUnkAJwtyRJzz+lKByXX2FXGQWGeTRAyUHyFcQtecGBaGXQ==",
      "dev": true,
      "dependencies": {
        "@types/rx-lite": "*"
      }
    },
    "node_modules/@types/rx-lite-joinpatterns": {
      "version": "4.0.3",
      "resolved": "https://registry.npmjs.org/@types/rx-lite-joinpatterns/-/rx-lite-joinpatterns-4.0.3.tgz",
      "integrity": "sha512-zvuWFepBFgWrqGCPAt1VcUEo5zrQXADn2+W7DXgRWLBRwdzUmFAmYM7eaapBL9KkPxVtQRYxxc7+AbMwO+UxVw==",
      "dev": true,
      "dependencies": {
        "@types/rx-lite": "*"
      }
    },
    "node_modules/@types/rx-lite-testing": {
      "version": "4.0.3",
      "resolved": "https://registry.npmjs.org/@types/rx-lite-testing/-/rx-lite-testing-4.0.3.tgz",
      "integrity": "sha512-0E0BBXvS455UM+LeJHJU0DjJdhcULW2SS2Sz53GufvJUyBp1cCGdI7ANgGfg6m1lG5QSooBpIh9lUjUb2AkHTw==",
      "dev": true,
      "dependencies": {
        "@types/rx-lite-virtualtime": "*"
      }
    },
    "node_modules/@types/rx-lite-time": {
      "version": "4.0.5",
      "resolved": "https://registry.npmjs.org/@types/rx-lite-time/-/rx-lite-time-4.0.5.tgz",
      "integrity": "sha512-gmCmqEYrpT9BjE9AlLUHrZTS9+O2e/Q6ku18fxrrEsxMbvmmAcy6BLct+UBUlZhrvKb6YpTooMilKi+NNA11hg==",
      "dev": true,
      "dependencies": {
        "@types/rx-lite": "*"
      }
    },
    "node_modules/@types/rx-lite-virtualtime": {
      "version": "4.0.5",
      "resolved": "https://registry.npmjs.org/@types/rx-lite-virtualtime/-/rx-lite-virtualtime-4.0.5.tgz",
      "integrity": "sha512-D5SUaz4QslanqGXmnWogxnXZzHHOQREesqn+GDzq1dIu+s5PK7GBA2NeKT82WCozNJzZiillnIHtwVe0zrH+Cg==",
      "dev": true,
      "dependencies": {
        "@types/rx-lite": "*"
      }
    },
    "node_modules/rxjs": {
      "version": "7.8.1",
      "resolved": "https://registry.npmjs.org/rxjs/-/rxjs-7.8.1.tgz",
      "integrity": "sha512-AA3TVj+0A2iuIoQkWEK/tqFjBq2j+6PO6Y0zJcvzLAFhEFIO3HL0vls9hWLncZbAAbK0mar7oZ4V079I/qPMxg==",
      "dependencies": {
        "tslib": "^2.1.0"
      }
    },
    "node_modules/tslib": {
      "version": "2.6.2",
      "resolved": "https://registry.npmjs.org/tslib/-/tslib-2.6.2.tgz",
      "integrity": "sha512-AEYxH93jGFPn/a2iVAwW87VuUIkR1FVUKB77NwMF7nBTDkDrrT/Hpt/IrCJ0QXhW27jTBDcf5ZY7w6RiqTMw2Q=="
    }
  }
}
