
Microsoft Visual Studio Solution File, Format Version 12.00
# Visual Studio Version 17
VisualStudioVersion = 17.5.002.0
MinimumVisualStudioVersion = 10.0.40219.1
Project("{9A19103F-16F7-4668-BE54-9A1E7A4F7556}") = "WebAPI", "WebAPI\WebAPI.csproj", "{0954C9E2-9A08-4150-8B71-0ED1A2DEB7C3}"
EndProject
Global
	GlobalSection(SolutionConfigurationPlatforms) = preSolution
		Debug|Any CPU = Debug|Any CPU
		Release|Any CPU = Release|Any CPU
	EndGlobalSection
	GlobalSection(ProjectConfigurationPlatforms) = postSolution
		{0954C9E2-9A08-4150-8B71-0ED1A2DEB7C3}.Debug|Any CPU.ActiveCfg = Debug|Any CPU
		{0954C9E2-9A08-4150-8B71-0ED1A2DEB7C3}.Debug|Any CPU.Build.0 = Debug|Any CPU
		{0954C9E2-9A08-4150-8B71-0ED1A2DEB7C3}.Release|Any CPU.ActiveCfg = Release|Any CPU
		{0954C9E2-9A08-4150-8B71-0ED1A2DEB7C3}.Release|Any CPU.Build.0 = Release|Any CPU
	EndGlobalSection
	GlobalSection(SolutionProperties) = preSolution
		HideSolutionNode = FALSE
	EndGlobalSection
	GlobalSection(ExtensibilityGlobals) = postSolution
		SolutionGuid = {AC8B4A97-47C7-4F5A-9A85-06691E42B913}
	EndGlobalSection
EndGlobal
